
Microsoft Visual Studio Solution File, Format Version 12.00
# Visual Studio 15
VisualStudioVersion = 15.0.26124.0
MinimumVisualStudioVersion = 15.0.26124.0
Project("{2150E333-8FDC-42A3-9474-1A3956D46DE8}") = "src", "src", "{CE89203B-FB12-41E3-83B0-EC82A5AF30AB}"
EndProject
Project("{F2A71F9B-5D33-465A-A702-920D77279786}") = "SlackClient", "src\SlackClient\SlackClient.fsproj", "{BD6CAD19-6751-4F07-8162-EC3846353BB0}"
EndProject
Project("{F2A71F9B-5D33-465A-A702-920D77279786}") = "SlackClient.Abstractions", "src\SlackClient.Abstractions\SlackClient.Abstractions.fsproj", "{F2A05CC4-DE01-4435-AADF-FA9B144380CB}"
EndProject
Project("{FAE04EC0-301F-11D3-BF4B-00C04F79EFBC}") = "SlackClient.DependencyInjection", "src\SlackClient.DependencyInjection\SlackClient.DependencyInjection.csproj", "{A5846852-C777-455A-9CAD-C90B24778CA1}"
EndProject
Global
	GlobalSection(SolutionConfigurationPlatforms) = preSolution
		Debug|Any CPU = Debug|Any CPU
		Debug|x64 = Debug|x64
		Debug|x86 = Debug|x86
		Release|Any CPU = Release|Any CPU
		Release|x64 = Release|x64
		Release|x86 = Release|x86
	EndGlobalSection
	GlobalSection(SolutionProperties) = preSolution
		HideSolutionNode = FALSE
	EndGlobalSection
	GlobalSection(ProjectConfigurationPlatforms) = postSolution
		{BD6CAD19-6751-4F07-8162-EC3846353BB0}.Debug|Any CPU.ActiveCfg = Debug|Any CPU
		{BD6CAD19-6751-4F07-8162-EC3846353BB0}.Debug|Any CPU.Build.0 = Debug|Any CPU
		{BD6CAD19-6751-4F07-8162-EC3846353BB0}.Debug|x64.ActiveCfg = Debug|Any CPU
		{BD6CAD19-6751-4F07-8162-EC3846353BB0}.Debug|x64.Build.0 = Debug|Any CPU
		{BD6CAD19-6751-4F07-8162-EC3846353BB0}.Debug|x86.ActiveCfg = Debug|Any CPU
		{BD6CAD19-6751-4F07-8162-EC3846353BB0}.Debug|x86.Build.0 = Debug|Any CPU
		{BD6CAD19-6751-4F07-8162-EC3846353BB0}.Release|Any CPU.ActiveCfg = Release|Any CPU
		{BD6CAD19-6751-4F07-8162-EC3846353BB0}.Release|Any CPU.Build.0 = Release|Any CPU
		{BD6CAD19-6751-4F07-8162-EC3846353BB0}.Release|x64.ActiveCfg = Release|Any CPU
		{BD6CAD19-6751-4F07-8162-EC3846353BB0}.Release|x64.Build.0 = Release|Any CPU
		{BD6CAD19-6751-4F07-8162-EC3846353BB0}.Release|x86.ActiveCfg = Release|Any CPU
		{BD6CAD19-6751-4F07-8162-EC3846353BB0}.Release|x86.Build.0 = Release|Any CPU
		{F2A05CC4-DE01-4435-AADF-FA9B144380CB}.Debug|Any CPU.ActiveCfg = Debug|Any CPU
		{F2A05CC4-DE01-4435-AADF-FA9B144380CB}.Debug|Any CPU.Build.0 = Debug|Any CPU
		{F2A05CC4-DE01-4435-AADF-FA9B144380CB}.Debug|x64.ActiveCfg = Debug|Any CPU
		{F2A05CC4-DE01-4435-AADF-FA9B144380CB}.Debug|x64.Build.0 = Debug|Any CPU
		{F2A05CC4-DE01-4435-AADF-FA9B144380CB}.Debug|x86.ActiveCfg = Debug|Any CPU
		{F2A05CC4-DE01-4435-AADF-FA9B144380CB}.Debug|x86.Build.0 = Debug|Any CPU
		{F2A05CC4-DE01-4435-AADF-FA9B144380CB}.Release|Any CPU.ActiveCfg = Release|Any CPU
		{F2A05CC4-DE01-4435-AADF-FA9B144380CB}.Release|Any CPU.Build.0 = Release|Any CPU
		{F2A05CC4-DE01-4435-AADF-FA9B144380CB}.Release|x64.ActiveCfg = Release|Any CPU
		{F2A05CC4-DE01-4435-AADF-FA9B144380CB}.Release|x64.Build.0 = Release|Any CPU
		{F2A05CC4-DE01-4435-AADF-FA9B144380CB}.Release|x86.ActiveCfg = Release|Any CPU
		{F2A05CC4-DE01-4435-AADF-FA9B144380CB}.Release|x86.Build.0 = Release|Any CPU
		{A5846852-C777-455A-9CAD-C90B24778CA1}.Debug|Any CPU.ActiveCfg = Debug|Any CPU
		{A5846852-C777-455A-9CAD-C90B24778CA1}.Debug|Any CPU.Build.0 = Debug|Any CPU
		{A5846852-C777-455A-9CAD-C90B24778CA1}.Debug|x64.ActiveCfg = Debug|Any CPU
		{A5846852-C777-455A-9CAD-C90B24778CA1}.Debug|x64.Build.0 = Debug|Any CPU
		{A5846852-C777-455A-9CAD-C90B24778CA1}.Debug|x86.ActiveCfg = Debug|Any CPU
		{A5846852-C777-455A-9CAD-C90B24778CA1}.Debug|x86.Build.0 = Debug|Any CPU
		{A5846852-C777-455A-9CAD-C90B24778CA1}.Release|Any CPU.ActiveCfg = Release|Any CPU
		{A5846852-C777-455A-9CAD-C90B24778CA1}.Release|Any CPU.Build.0 = Release|Any CPU
		{A5846852-C777-455A-9CAD-C90B24778CA1}.Release|x64.ActiveCfg = Release|Any CPU
		{A5846852-C777-455A-9CAD-C90B24778CA1}.Release|x64.Build.0 = Release|Any CPU
		{A5846852-C777-455A-9CAD-C90B24778CA1}.Release|x86.ActiveCfg = Release|Any CPU
		{A5846852-C777-455A-9CAD-C90B24778CA1}.Release|x86.Build.0 = Release|Any CPU
	EndGlobalSection
	GlobalSection(NestedProjects) = preSolution
		{BD6CAD19-6751-4F07-8162-EC3846353BB0} = {CE89203B-FB12-41E3-83B0-EC82A5AF30AB}
		{F2A05CC4-DE01-4435-AADF-FA9B144380CB} = {CE89203B-FB12-41E3-83B0-EC82A5AF30AB}
		{A5846852-C777-455A-9CAD-C90B24778CA1} = {CE89203B-FB12-41E3-83B0-EC82A5AF30AB}
	EndGlobalSection
EndGlobal
